
Microsoft Visual Studio Solution File, Format Version 12.00
# Visual Studio Version 16
VisualStudioVersion = 16.0.30804.86
MinimumVisualStudioVersion = 10.0.40219.1
Project("{FAE04EC0-301F-11D3-BF4B-00C04F79EFBC}") = "ClassMethodDemo2", "ClassMethodDemo2\ClassMethodDemo2.csproj", "{C03ADA2D-BA00-4A47-8615-4B7DBCC0FA1A}"
EndProject
Global
	GlobalSection(SolutionConfigurationPlatforms) = preSolution
		Debug|Any CPU = Debug|Any CPU
		Release|Any CPU = Release|Any CPU
	EndGlobalSection
	GlobalSection(ProjectConfigurationPlatforms) = postSolution
		{C03ADA2D-BA00-4A47-8615-4B7DBCC0FA1A}.Debug|Any CPU.ActiveCfg = Debug|Any CPU
		{C03ADA2D-BA00-4A47-8615-4B7DBCC0FA1A}.Debug|Any CPU.Build.0 = Debug|Any CPU
		{C03ADA2D-BA00-4A47-8615-4B7DBCC0FA1A}.Release|Any CPU.ActiveCfg = Release|Any CPU
		{C03ADA2D-BA00-4A47-8615-4B7DBCC0FA1A}.Release|Any CPU.Build.0 = Release|Any CPU
	EndGlobalSection
	GlobalSection(SolutionProperties) = preSolution
		HideSolutionNode = FALSE
	EndGlobalSection
	GlobalSection(ExtensibilityGlobals) = postSolution
		SolutionGuid = {B4E3AF14-7515-40D9-85AE-AA1EA9432C21}
	EndGlobalSection
EndGlobal
